
Microsoft Visual Studio Solution File, Format Version 12.00
# Visual Studio Version 17
VisualStudioVersion = 17.11.35312.102
MinimumVisualStudioVersion = 10.0.40219.1
Project("{FAE04EC0-301F-11D3-BF4B-00C04F79EFBC}") = "Chuyen_Phat", "Chuyen_Phat\Chuyen_Phat.csproj", "{91730765-B2D3-4CDD-87DA-5EA9F101052C}"
EndProject
Global
	GlobalSection(SolutionConfigurationPlatforms) = preSolution
		Debug|Any CPU = Debug|Any CPU
		Release|Any CPU = Release|Any CPU
	EndGlobalSection
	GlobalSection(ProjectConfigurationPlatforms) = postSolution
		{91730765-B2D3-4CDD-87DA-5EA9F101052C}.Debug|Any CPU.ActiveCfg = Debug|Any CPU
		{91730765-B2D3-4CDD-87DA-5EA9F101052C}.Debug|Any CPU.Build.0 = Debug|Any CPU
		{91730765-B2D3-4CDD-87DA-5EA9F101052C}.Release|Any CPU.ActiveCfg = Release|Any CPU
		{91730765-B2D3-4CDD-87DA-5EA9F101052C}.Release|Any CPU.Build.0 = Release|Any CPU
	EndGlobalSection
	GlobalSection(SolutionProperties) = preSolution
		HideSolutionNode = FALSE
	EndGlobalSection
	GlobalSection(ExtensibilityGlobals) = postSolution
		SolutionGuid = {CFD72499-415C-41A7-BB6D-2652D0580A24}
	EndGlobalSection
EndGlobal
